Microsoft Visual Studio Solution File, Format Version 12.00
# Visual Studio Version 17
VisualStudioVersion = 17.10.35122.118
MinimumVisualStudioVersion = 10.0.40219.1
Project("{2150E333-8FDC-42A3-9474-1A3956D46DE8}") = "Solution Items", "Solution Items", "{5FE5FDBF-6040-4B10-A70F-6407C4268FD7}"
	ProjectSection(SolutionItems) = preProject
		Directory.Build.props = Directory.Build.props
		Directory.Packages.props = Directory.Packages.props
		README.md = README.md
		LICENSE = LICENSE
	EndProjectSection
EndProject
Project("{2150E333-8FDC-42A3-9474-1A3956D46DE8}") = "tests", "tests", "{6A329706-CB9C-4D01-9398-F69A357FBA7F}"
EndProject
Project("{2150E333-8FDC-42A3-9474-1A3956D46DE8}") = "src", "src", "{0B7E7ACC-3012-442F-AD37-769B46E1803A}"
EndProject
Project("{2150E333-8FDC-42A3-9474-1A3956D46DE8}") = "Core", "Core", "{1DE3EF0C-7808-4734-858C-F620F083FF70}"
EndProject
Project("{9A19103F-16F7-4668-BE54-9A1E7A4F7556}") = "CleanArchitecture.Core", "src\Core\CleanArchitecture.Core\CleanArchitecture.Core.csproj", "{6C8420CB-846A-41F5-9299-B599D9845EE2}"
EndProject
Project("{2150E333-8FDC-42A3-9474-1A3956D46DE8}") = "Infrastructure", "Infrastructure", "{B2405AE3-AB23-48CF-AB02-0B7C17DFB917}"
EndProject
Project("{9A19103F-16F7-4668-BE54-9A1E7A4F7556}") = "CleanArchitecture.Infrastructure", "src\Infrastructure\CleanArchitecture.Infrastructure\CleanArchitecture.Infrastructure.csproj", "{F4B9BBC9-170A-4E0A-82EF-CEFD4EA21D94}"
EndProject
Project("{2150E333-8FDC-42A3-9474-1A3956D46DE8}") = "UseCases", "UseCases", "{A277AFB1-B9FE-462A-98A8-E7ADC738CF25}"
EndProject
Project("{9A19103F-16F7-4668-BE54-9A1E7A4F7556}") = "CleanArchitecture.UseCases", "src\UseCases\CleanArchitecture.UseCases\CleanArchitecture.UseCases.csproj", "{A4CC8AEE-B3C5-4B56-85BD-C39A8C97F62D}"
EndProject
Project("{9A19103F-16F7-4668-BE54-9A1E7A4F7556}") = "CleanArchitecture.Shared", "src\CleanArchitecture.Shared\CleanArchitecture.Shared.csproj", "{A105A473-0EC3-49B3-A318-85348B10A10B}"
EndProject
Project("{2150E333-8FDC-42A3-9474-1A3956D46DE8}") = "Presentation", "Presentation", "{1C4715BB-074F-4FB3-9B91-7226EEF0E101}"
EndProject
Project("{9A19103F-16F7-4668-BE54-9A1E7A4F7556}") = "SampleApi", "src\Presentation\SampleApi\SampleApi.csproj", "{F4B23BD3-20A1-46D2-A7A3-977F0A14FC1F}"
EndProject
Project("{9A19103F-16F7-4668-BE54-9A1E7A4F7556}") = "SampleApi.Tests", "tests\SampleApi.Tests\SampleApi.Tests.csproj", "{D2A9E79C-CDA7-43C7-B143-B245866136FF}"
EndProject
Project("{FAE04EC0-301F-11D3-BF4B-00C04F79EFBC}") = "UseCases.Tests", "tests\UseCases.Tests\UseCases.Tests.csproj", "{7B83C01C-AEC3-49C9-B9E1-08D6D7A9E804}"
EndProject
Global
	GlobalSection(SolutionConfigurationPlatforms) = preSolution
		Debug|Any CPU = Debug|Any CPU
		Release|Any CPU = Release|Any CPU
	EndGlobalSection
	GlobalSection(ProjectConfigurationPlatforms) = postSolution
		{6C8420CB-846A-41F5-9299-B599D9845EE2}.Debug|Any CPU.ActiveCfg = Debug|Any CPU
		{6C8420CB-846A-41F5-9299-B599D9845EE2}.Debug|Any CPU.Build.0 = Debug|Any CPU
		{6C8420CB-846A-41F5-9299-B599D9845EE2}.Release|Any CPU.ActiveCfg = Release|Any CPU
		{6C8420CB-846A-41F5-9299-B599D9845EE2}.Release|Any CPU.Build.0 = Release|Any CPU
		{F4B9BBC9-170A-4E0A-82EF-CEFD4EA21D94}.Debug|Any CPU.ActiveCfg = Debug|Any CPU
		{F4B9BBC9-170A-4E0A-82EF-CEFD4EA21D94}.Debug|Any CPU.Build.0 = Debug|Any CPU
		{F4B9BBC9-170A-4E0A-82EF-CEFD4EA21D94}.Release|Any CPU.ActiveCfg = Release|Any CPU
		{F4B9BBC9-170A-4E0A-82EF-CEFD4EA21D94}.Release|Any CPU.Build.0 = Release|Any CPU
		{A4CC8AEE-B3C5-4B56-85BD-C39A8C97F62D}.Debug|Any CPU.ActiveCfg = Debug|Any CPU
		{A4CC8AEE-B3C5-4B56-85BD-C39A8C97F62D}.Debug|Any CPU.Build.0 = Debug|Any CPU
		{A4CC8AEE-B3C5-4B56-85BD-C39A8C97F62D}.Release|Any CPU.ActiveCfg = Release|Any CPU
		{A4CC8AEE-B3C5-4B56-85BD-C39A8C97F62D}.Release|Any CPU.Build.0 = Release|Any CPU
		{A105A473-0EC3-49B3-A318-85348B10A10B}.Debug|Any CPU.ActiveCfg = Debug|Any CPU
		{A105A473-0EC3-49B3-A318-85348B10A10B}.Debug|Any CPU.Build.0 = Debug|Any CPU
		{A105A473-0EC3-49B3-A318-85348B10A10B}.Release|Any CPU.ActiveCfg = Release|Any CPU
		{A105A473-0EC3-49B3-A318-85348B10A10B}.Release|Any CPU.Build.0 = Release|Any CPU
		{F4B23BD3-20A1-46D2-A7A3-977F0A14FC1F}.Debug|Any CPU.ActiveCfg = Debug|Any CPU
		{F4B23BD3-20A1-46D2-A7A3-977F0A14FC1F}.Debug|Any CPU.Build.0 = Debug|Any CPU
		{F4B23BD3-20A1-46D2-A7A3-977F0A14FC1F}.Release|Any CPU.ActiveCfg = Release|Any CPU
		{F4B23BD3-20A1-46D2-A7A3-977F0A14FC1F}.Release|Any CPU.Build.0 = Release|Any CPU
		{D2A9E79C-CDA7-43C7-B143-B245866136FF}.Debug|Any CPU.ActiveCfg = Debug|Any CPU
		{D2A9E79C-CDA7-43C7-B143-B245866136FF}.Debug|Any CPU.Build.0 = Debug|Any CPU
		{D2A9E79C-CDA7-43C7-B143-B245866136FF}.Release|Any CPU.ActiveCfg = Release|Any CPU
		{D2A9E79C-CDA7-43C7-B143-B245866136FF}.Release|Any CPU.Build.0 = Release|Any CPU
		{7B83C01C-AEC3-49C9-B9E1-08D6D7A9E804}.Debug|Any CPU.ActiveCfg = Debug|Any CPU
		{7B83C01C-AEC3-49C9-B9E1-08D6D7A9E804}.Debug|Any CPU.Build.0 = Debug|Any CPU
		{7B83C01C-AEC3-49C9-B9E1-08D6D7A9E804}.Release|Any CPU.ActiveCfg = Release|Any CPU
		{7B83C01C-AEC3-49C9-B9E1-08D6D7A9E804}.Release|Any CPU.Build.0 = Release|Any CPU
	EndGlobalSection
	GlobalSection(SolutionProperties) = preSolution
		HideSolutionNode = FALSE
	EndGlobalSection
	GlobalSection(NestedProjects) = preSolution
		{1DE3EF0C-7808-4734-858C-F620F083FF70} = {0B7E7ACC-3012-442F-AD37-769B46E1803A}
		{6C8420CB-846A-41F5-9299-B599D9845EE2} = {1DE3EF0C-7808-4734-858C-F620F083FF70}
		{B2405AE3-AB23-48CF-AB02-0B7C17DFB917} = {0B7E7ACC-3012-442F-AD37-769B46E1803A}
		{F4B9BBC9-170A-4E0A-82EF-CEFD4EA21D94} = {B2405AE3-AB23-48CF-AB02-0B7C17DFB917}
		{A277AFB1-B9FE-462A-98A8-E7ADC738CF25} = {0B7E7ACC-3012-442F-AD37-769B46E1803A}
		{A4CC8AEE-B3C5-4B56-85BD-C39A8C97F62D} = {A277AFB1-B9FE-462A-98A8-E7ADC738CF25}
		{A105A473-0EC3-49B3-A318-85348B10A10B} = {0B7E7ACC-3012-442F-AD37-769B46E1803A}
		{1C4715BB-074F-4FB3-9B91-7226EEF0E101} = {0B7E7ACC-3012-442F-AD37-769B46E1803A}
		{F4B23BD3-20A1-46D2-A7A3-977F0A14FC1F} = {1C4715BB-074F-4FB3-9B91-7226EEF0E101}
		{D2A9E79C-CDA7-43C7-B143-B245866136FF} = {6A329706-CB9C-4D01-9398-F69A357FBA7F}
		{7B83C01C-AEC3-49C9-B9E1-08D6D7A9E804} = {6A329706-CB9C-4D01-9398-F69A357FBA7F}
	EndGlobalSection
	GlobalSection(ExtensibilityGlobals) = postSolution
		SolutionGuid = {A2310566-0F9C-4A84-9826-2E5613E3525E}
	EndGlobalSection
EndGlobal
